Microsoft Visual Studio Solution File, Format Version 12.00
# Visual Studio 15
VisualStudioVersion = 15.0.28307.572
MinimumVisualStudioVersion = 10.0.40219.1
Project("{FAE04EC0-301F-11D3-BF4B-00C04F79EFBC}") = "REKO.Android", "REKO.Android\REKO.Android.csproj", "{B4919809-A401-4DC1-9355-D354F07496B9}"
EndProject
Project("{FAE04EC0-301F-11D3-BF4B-00C04F79EFBC}") = "REKO.iOS", "REKO.iOS\REKO.iOS.csproj", "{A8EEDF70-9266-4FA9-BB94-F27AE11468E7}"
EndProject
Project("{9A19103F-16F7-4668-BE54-9A1E7A4F7556}") = "REKO", "REKO\REKO.csproj", "{EF77167A-8029-4B53-A44F-0A0CE9CCDFAB}"
EndProject
Global
	GlobalSection(SolutionConfigurationPlatforms) = preSolution
		Debug|Any CPU = Debug|Any CPU
		Debug|iPhone = Debug|iPhone
		Debug|iPhoneSimulator = Debug|iPhoneSimulator
		Release|Any CPU = Release|Any CPU
		Release|iPhone = Release|iPhone
		Release|iPhoneSimulator = Release|iPhoneSimulator
	EndGlobalSection
	GlobalSection(ProjectConfigurationPlatforms) = postSolution
		{B4919809-A401-4DC1-9355-D354F07496B9}.Debug|Any CPU.ActiveCfg = Debug|Any CPU
		{B4919809-A401-4DC1-9355-D354F07496B9}.Debug|Any CPU.Build.0 = Debug|Any CPU
		{B4919809-A401-4DC1-9355-D354F07496B9}.Debug|Any CPU.Deploy.0 = Debug|Any CPU
		{B4919809-A401-4DC1-9355-D354F07496B9}.Debug|iPhone.ActiveCfg = Debug|Any CPU
		{B4919809-A401-4DC1-9355-D354F07496B9}.Debug|iPhone.Build.0 = Debug|Any CPU
		{B4919809-A401-4DC1-9355-D354F07496B9}.Debug|iPhoneSimulator.ActiveCfg = Debug|Any CPU
		{B4919809-A401-4DC1-9355-D354F07496B9}.Debug|iPhoneSimulator.Build.0 = Debug|Any CPU
		{B4919809-A401-4DC1-9355-D354F07496B9}.Release|Any CPU.ActiveCfg = Release|Any CPU
		{B4919809-A401-4DC1-9355-D354F07496B9}.Release|Any CPU.Build.0 = Release|Any CPU
		{B4919809-A401-4DC1-9355-D354F07496B9}.Release|iPhone.ActiveCfg = Release|Any CPU
		{B4919809-A401-4DC1-9355-D354F07496B9}.Release|iPhone.Build.0 = Release|Any CPU
		{B4919809-A401-4DC1-9355-D354F07496B9}.Release|iPhoneSimulator.ActiveCfg = Release|Any CPU
		{B4919809-A401-4DC1-9355-D354F07496B9}.Release|iPhoneSimulator.Build.0 = Release|Any CPU
		{A8EEDF70-9266-4FA9-BB94-F27AE11468E7}.Debug|Any CPU.ActiveCfg = Debug|iPhoneSimulator
		{A8EEDF70-9266-4FA9-BB94-F27AE11468E7}.Debug|iPhone.ActiveCfg = Debug|iPhone
		{A8EEDF70-9266-4FA9-BB94-F27AE11468E7}.Debug|iPhone.Build.0 = Debug|iPhone
		{A8EEDF70-9266-4FA9-BB94-F27AE11468E7}.Debug|iPhoneSimulator.ActiveCfg = Debug|iPhoneSimulator
		{A8EEDF70-9266-4FA9-BB94-F27AE11468E7}.Debug|iPhoneSimulator.Build.0 = Debug|iPhoneSimulator
		{A8EEDF70-9266-4FA9-BB94-F27AE11468E7}.Release|Any CPU.ActiveCfg = Release|iPhoneSimulator
		{A8EEDF70-9266-4FA9-BB94-F27AE11468E7}.Release|Any CPU.Build.0 = Release|iPhoneSimulator
		{A8EEDF70-9266-4FA9-BB94-F27AE11468E7}.Release|iPhone.ActiveCfg = Release|iPhone
		{A8EEDF70-9266-4FA9-BB94-F27AE11468E7}.Release|iPhone.Build.0 = Release|iPhone
		{A8EEDF70-9266-4FA9-BB94-F27AE11468E7}.Release|iPhoneSimulator.ActiveCfg = Release|iPhoneSimulator
		{A8EEDF70-9266-4FA9-BB94-F27AE11468E7}.Release|iPhoneSimulator.Build.0 = Release|iPhoneSimulator
		{EF77167A-8029-4B53-A44F-0A0CE9CCDFAB}.Debug|Any CPU.ActiveCfg = Debug|Any CPU
		{EF77167A-8029-4B53-A44F-0A0CE9CCDFAB}.Debug|Any CPU.Build.0 = Debug|Any CPU
		{EF77167A-8029-4B53-A44F-0A0CE9CCDFAB}.Debug|iPhone.ActiveCfg = Debug|Any CPU
		{EF77167A-8029-4B53-A44F-0A0CE9CCDFAB}.Debug|iPhone.Build.0 = Debug|Any CPU
		{EF77167A-8029-4B53-A44F-0A0CE9CCDFAB}.Debug|iPhoneSimulator.ActiveCfg = Debug|Any CPU
		{EF77167A-8029-4B53-A44F-0A0CE9CCDFAB}.Debug|iPhoneSimulator.Build.0 = Debug|Any CPU
		{EF77167A-8029-4B53-A44F-0A0CE9CCDFAB}.Release|Any CPU.ActiveCfg = Release|Any CPU
		{EF77167A-8029-4B53-A44F-0A0CE9CCDFAB}.Release|Any CPU.Build.0 = Release|Any CPU
		{EF77167A-8029-4B53-A44F-0A0CE9CCDFAB}.Release|iPhone.ActiveCfg = Release|Any CPU
		{EF77167A-8029-4B53-A44F-0A0CE9CCDFAB}.Release|iPhone.Build.0 = Release|Any CPU
		{EF77167A-8029-4B53-A44F-0A0CE9CCDFAB}.Release|iPhoneSimulator.ActiveCfg = Release|Any CPU
		{EF77167A-8029-4B53-A44F-0A0CE9CCDFAB}.Release|iPhoneSimulator.Build.0 = Release|Any CPU
	EndGlobalSection
	GlobalSection(SolutionProperties) = preSolution
		HideSolutionNode = FALSE
	EndGlobalSection
	GlobalSection(ExtensibilityGlobals) = postSolution
		SolutionGuid = {33870A9D-635F-486A-9198-82453EDA8130}
	EndGlobalSection
EndGlobal
